
Microsoft Visual Studio Solution File, Format Version 12.00
# Visual Studio Version 16
VisualStudioVersion = 16.0.30309.148
MinimumVisualStudioVersion = 10.0.40219.1
Project("{FAE04EC0-301F-11D3-BF4B-00C04F79EFBC}") = "Demonstration", "Demonstration.csproj", "{9B254301-690E-4794-83C3-E00D7CF663DC}"
EndProject
Global
	GlobalSection(SolutionConfigurationPlatforms) = preSolution
		Debug|Any CPU = Debug|Any CPU
		Release|Any CPU = Release|Any CPU
	EndGlobalSection
	GlobalSection(ProjectConfigurationPlatforms) = postSolution
		{9B254301-690E-4794-83C3-E00D7CF663DC}.Debug|Any CPU.ActiveCfg = Debug|Any CPU
		{9B254301-690E-4794-83C3-E00D7CF663DC}.Debug|Any CPU.Build.0 = Debug|Any CPU
		{9B254301-690E-4794-83C3-E00D7CF663DC}.Release|Any CPU.ActiveCfg = Release|Any CPU
		{9B254301-690E-4794-83C3-E00D7CF663DC}.Release|Any CPU.Build.0 = Release|Any CPU
	EndGlobalSection
	GlobalSection(SolutionProperties) = preSolution
		HideSolutionNode = FALSE
	EndGlobalSection
	GlobalSection(ExtensibilityGlobals) = postSolution
		SolutionGuid = {CF1D8060-763D-4986-8956-5E88C9697E57}
	EndGlobalSection
EndGlobal
